// !$*UTF8*$!
{
	archiveVersion = 1;
	classes = {
	};
	objectVersion = 56;
	objects = {

/* Begin PBXBuildFile section */
		33429F302B30383E00DB6148 /* Bintenbase64App.swift in Sources */ = {isa = PBXBuildFile; fileRef = 33429F2F2B30383E00DB6148 /* Bintenbase64App.swift */; };
		33429F322B30383E00DB6148 /* ContentView.swift in Sources */ = {isa = PBXBuildFile; fileRef = 33429F312B30383E00DB6148 /* ContentView.swift */; };
		33429F342B30384000DB6148 /* Assets.xcassets in Resources */ = {isa = PBXBuildFile; fileRef = 33429F332B30384000DB6148 /* Assets.xcassets */; };
		33429F372B30384000DB6148 /* Preview Assets.xcassets in Resources */ = {isa = PBXBuildFile; fileRef = 33429F362B30384000DB6148 /* Preview Assets.xcassets */; };
		33429F3F2B30387600DB6148 /* InputType.swift in Sources */ = {isa = PBXBuildFile; fileRef = 33429F3E2B30387600DB6148 /* InputType.swift */; };
		33429F412B303B9700DB6148 /* Mode.swift in Sources */ = {isa = PBXBuildFile; fileRef = 33429F402B303B9700DB6148 /* Mode.swift */; };
		33429F432B303C1400DB6148 /* Output.swift in Sources */ = {isa = PBXBuildFile; fileRef = 33429F422B303C1400DB6148 /* Output.swift */; };
		33429F4C2B3054E600DB6148 /* SectionTitleLabel.swift in Sources */ = {isa = PBXBuildFile; fileRef = 33429F4B2B3054E600DB6148 /* SectionTitleLabel.swift */; };
		33429F4E2B30562800DB6148 /* ViewModel.swift in Sources */ = {isa = PBXBuildFile; fileRef = 33429F4D2B30562800DB6148 /* ViewModel.swift */; };
/* End PBXBuildFile section */

/* Begin PBXFileReference section */
		33429F2C2B30383E00DB6148 /* Bintenbase64.app */ = {isa = PBXFileReference; explicitFileType = wrapper.application; includeInIndex = 0; path = Bintenbase64.app; sourceTree = BUILT_PRODUCTS_DIR; };
		33429F2F2B30383E00DB6148 /* Bintenbase64App.swift */ = {isa = PBXFileReference; lastKnownFileType = sourcecode.swift; path = Bintenbase64App.swift; sourceTree = "<group>"; };
		33429F312B30383E00DB6148 /* ContentView.swift */ = {isa = PBXFileReference; lastKnownFileType = sourcecode.swift; path = ContentView.swift; sourceTree = "<group>"; };
		33429F332B30384000DB6148 /* Assets.xcassets */ = {isa = PBXFileReference; lastKnownFileType = folder.assetcatalog; path = Assets.xcassets; sourceTree = "<group>"; };
		33429F362B30384000DB6148 /* Preview Assets.xcassets */ = {isa = PBXFileReference; lastKnownFileType = folder.assetcatalog; path = "Preview Assets.xcassets"; sourceTree = "<group>"; };
		33429F382B30384000DB6148 /* Bintenbase64.entitlements */ = {isa = PBXFileReference; lastKnownFileType = text.plist.entitlements; path = Bintenbase64.entitlements; sourceTree = "<group>"; };
		33429F3E2B30387600DB6148 /* InputType.swift */ = {isa = PBXFileReference; lastKnownFileType = sourcecode.swift; path = InputType.swift; sourceTree = "<group>"; };
		33429F402B303B9700DB6148 /* Mode.swift */ = {isa = PBXFileReference; lastKnownFileType = sourcecode.swift; path = Mode.swift; sourceTree = "<group>"; };
		33429F422B303C1400DB6148 /* Output.swift */ = {isa = PBXFileReference; lastKnownFileType = sourcecode.swift; path = Output.swift; sourceTree = "<group>"; };
		33429F4B2B3054E600DB6148 /* SectionTitleLabel.swift */ = {isa = PBXFileReference; fileEncoding = 4; lastKnownFileType = sourcecode.swift; path = SectionTitleLabel.swift; sourceTree = "<group>"; };
		33429F4D2B30562800DB6148 /* ViewModel.swift */ = {isa = PBXFileReference; lastKnownFileType = sourcecode.swift; path = ViewModel.swift; sourceTree = "<group>"; };
/* End PBXFileReference section */

/* Begin PBXFrameworksBuildPhase section */
		33429F292B30383E00DB6148 /* Frameworks */ = {
			isa = PBXFrameworksBuildPhase;
			buildActionMask = 2147483647;
			files = (
			);
			runOnlyForDeploymentPostprocessing = 0;
		};
/* End PBXFrameworksBuildPhase section */

/* Begin PBXGroup section */
		33429F232B30383E00DB6148 = {
			isa = PBXGroup;
			children = (
				33429F2E2B30383E00DB6148 /* Bintenbase64 */,
				33429F2D2B30383E00DB6148 /* Products */,
			);
			sourceTree = "<group>";
		};
		33429F2D2B30383E00DB6148 /* Products */ = {
			isa = PBXGroup;
			children = (
				33429F2C2B30383E00DB6148 /* Bintenbase64.app */,
			);
			name = Products;
			sourceTree = "<group>";
		};
		33429F2E2B30383E00DB6148 /* Bintenbase64 */ = {
			isa = PBXGroup;
			children = (
				33429F2F2B30383E00DB6148 /* Bintenbase64App.swift */,
				33429F4D2B30562800DB6148 /* ViewModel.swift */,
				33429F312B30383E00DB6148 /* ContentView.swift */,
				33429F3E2B30387600DB6148 /* InputType.swift */,
				33429F402B303B9700DB6148 /* Mode.swift */,
				33429F422B303C1400DB6148 /* Output.swift */,
				33429F4B2B3054E600DB6148 /* SectionTitleLabel.swift */,
				33429F332B30384000DB6148 /* Assets.xcassets */,
				33429F382B30384000DB6148 /* Bintenbase64.entitlements */,
				33429F352B30384000DB6148 /* Preview Content */,
			);
			path = Bintenbase64;
			sourceTree = "<group>";
		};
		33429F352B30384000DB6148 /* Preview Content */ = {
			isa = PBXGroup;
			children = (
				33429F362B30384000DB6148 /* Preview Assets.xcassets */,
			);
			path = "Preview Content";
			sourceTree = "<group>";
		};
/* End PBXGroup section */

/* Begin PBXNativeTarget section */
		33429F2B2B30383E00DB6148 /* Bintenbase64 */ = {
			isa = PBXNativeTarget;
			buildConfigurationList = 33429F3B2B30384000DB6148 /* Build configuration list for PBXNativeTarget "Bintenbase64" */;
			buildPhases = (
				33429F282B30383E00DB6148 /* Sources */,
				33429F292B30383E00DB6148 /* Frameworks */,
				33429F2A2B30383E00DB6148 /* Resources */,
			);
			buildRules = (
			);
			dependencies = (
			);
			name = Bintenbase64;
			productName = Bintenbase64;
			productReference = 33429F2C2B30383E00DB6148 /* Bintenbase64.app */;
			productType = "com.apple.product-type.application";
		};
/* End PBXNativeTarget section */

/* Begin PBXProject section */
		33429F242B30383E00DB6148 /* Project object */ = {
			isa = PBXProject;
			attributes = {
				BuildIndependentTargetsInParallel = 1;
				LastSwiftUpdateCheck = 1500;
				LastUpgradeCheck = 1500;
				TargetAttributes = {
					33429F2B2B30383E00DB6148 = {
						CreatedOnToolsVersion = 15.0.1;
					};
				};
			};
			buildConfigurationList = 33429F272B30383E00DB6148 /* Build configuration list for PBXProject "Bintenbase64" */;
			compatibilityVersion = "Xcode 14.0";
			developmentRegion = en;
			hasScannedForEncodings = 0;
			knownRegions = (
				en,
				Base,
			);
			mainGroup = 33429F232B30383E00DB6148;
			productRefGroup = 33429F2D2B30383E00DB6148 /* Products */;
			projectDirPath = "";
			projectRoot = "";
			targets = (
				33429F2B2B30383E00DB6148 /* Bintenbase64 */,
			);
		};
/* End PBXProject section */

/* Begin PBXResourcesBuildPhase section */
		33429F2A2B30383E00DB6148 /* Resources */ = {
			isa = PBXResourcesBuildPhase;
			buildActionMask = 2147483647;
			files = (
				33429F372B30384000DB6148 /* Preview Assets.xcassets in Resources */,
				33429F342B30384000DB6148 /* Assets.xcassets in Resources */,
			);
			runOnlyForDeploymentPostprocessing = 0;
		};
/* End PBXResourcesBuildPhase section */

/* Begin PBXSourcesBuildPhase section */
		33429F282B30383E00DB6148 /* Sources */ = {
			isa = PBXSourcesBuildPhase;
			buildActionMask = 2147483647;
			files = (
				33429F4C2B3054E600DB6148 /* SectionTitleLabel.swift in Sources */,
				33429F432B303C1400DB6148 /* Output.swift in Sources */,
				33429F3F2B30387600DB6148 /* InputType.swift in Sources */,
				33429F322B30383E00DB6148 /* ContentView.swift in Sources */,
				33429F412B303B9700DB6148 /* Mode.swift in Sources */,
				33429F302B30383E00DB6148 /* Bintenbase64App.swift in Sources */,
				33429F4E2B30562800DB6148 /* ViewModel.swift in Sources */,
			);
			runOnlyForDeploymentPostprocessing = 0;
		};
/* End PBXSourcesBuildPhase section */

/* Begin XCBuildConfiguration section */
		33429F392B30384000DB6148 /* Debug */ = {
			isa = XCBuildConfiguration;
			buildSettings = {
				ALWAYS_SEARCH_USER_PATHS = NO;
				ASSETCATALOG_COMPILER_GENERATE_SWIFT_ASSET_SYMBOL_EXTENSIONS = YES;
				CLANG_ANALYZER_NONNULL = YES;
				CLANG_ANALYZER_NUMBER_OBJECT_CONVERSION = YES_AGGRESSIVE;
				CLANG_CXX_LANGUAGE_STANDARD = "gnu++20";
				CLANG_ENABLE_MODULES = YES;
				CLANG_ENABLE_OBJC_ARC = YES;
				CLANG_ENABLE_OBJC_WEAK = YES;
				CLANG_WARN_BLOCK_CAPTURE_AUTORELEASING = YES;
				CLANG_WARN_BOOL_CONVERSION = YES;
				CLANG_WARN_COMMA = YES;
				CLANG_WARN_CONSTANT_CONVERSION = YES;
				CLANG_WARN_DEPRECATED_OBJC_IMPLEMENTATIONS = YES;
				CLANG_WARN_DIRECT_OBJC_ISA_USAGE = YES_ERROR;
				CLANG_WARN_DOCUMENTATION_COMMENTS = YES;
				CLANG_WARN_EMPTY_BODY = YES;
				CLANG_WARN_ENUM_CONVERSION = YES;
				CLANG_WARN_INFINITE_RECURSION = YES;
				CLANG_WARN_INT_CONVERSION = YES;
				CLANG_WARN_NON_LITERAL_NULL_CONVERSION = YES;
				CLANG_WARN_OBJC_IMPLICIT_RETAIN_SELF = YES;
				CLANG_WARN_OBJC_LITERAL_CONVERSION = YES;
				CLANG_WARN_OBJC_ROOT_CLASS = YES_ERROR;
				CLANG_WARN_QUOTED_INCLUDE_IN_FRAMEWORK_HEADER = YES;
				CLANG_WARN_RANGE_LOOP_ANALYSIS = YES;
				CLANG_WARN_STRICT_PROTOTYPES = YES;
				CLANG_WARN_SUSPICIOUS_MOVE = YES;
				CLANG_WARN_UNGUARDED_AVAILABILITY = YES_AGGRESSIVE;
				CLANG_WARN_UNREACHABLE_CODE = YES;
				CLANG_WARN__DUPLICATE_METHOD_MATCH = YES;
				COPY_PHASE_STRIP = NO;
				DEBUG_INFORMATION_FORMAT = dwarf;
				ENABLE_STRICT_OBJC_MSGSEND = YES;
				ENABLE_TESTABILITY = YES;
				ENABLE_USER_SCRIPT_SANDBOXING = YES;
				GCC_C_LANGUAGE_STANDARD = gnu17;
				GCC_DYNAMIC_NO_PIC = NO;
				GCC_NO_COMMON_BLOCKS = YES;
				GCC_OPTIMIZATION_LEVEL = 0;
				GCC_PREPROCESSOR_DEFINITIONS = (
					"DEBUG=1",
					"$(inherited)",
				);
				GCC_WARN_64_TO_32_BIT_CONVERSION = YES;
				GCC_WARN_ABOUT_RETURN_TYPE = YES_ERROR;
				GCC_WARN_UNDECLARED_SELECTOR = YES;
				GCC_WARN_UNINITIALIZED_AUTOS = YES_AGGRESSIVE;
				GCC_WARN_UNUSED_FUNCTION = YES;
				GCC_WARN_UNUSED_VARIABLE = YES;
				LOCALIZATION_PREFERS_STRING_CATALOGS = YES;
				MACOSX_DEPLOYMENT_TARGET = 13.6;
				MTL_ENABLE_DEBUG_INFO = INCLUDE_SOURCE;
				MTL_FAST_MATH = YES;
				ONLY_ACTIVE_ARCH = YES;
				SDKROOT = macosx;
				SWIFT_ACTIVE_COMPILATION_CONDITIONS = "DEBUG $(inherited)";
				SWIFT_OPTIMIZATION_LEVEL = "-Onone";
			};
			name = Debug;
		};
		33429F3A2B30384000DB6148 /* Release */ = {
			isa = XCBuildConfiguration;
			buildSettings = {
				ALWAYS_SEARCH_USER_PATHS = NO;
				ASSETCATALOG_COMPILER_GENERATE_SWIFT_ASSET_SYMBOL_EXTENSIONS = YES;
				CLANG_ANALYZER_NONNULL = YES;
				CLANG_ANALYZER_NUMBER_OBJECT_CONVERSION = YES_AGGRESSIVE;
				CLANG_CXX_LANGUAGE_STANDARD = "gnu++20";
				CLANG_ENABLE_MODULES = YES;
				CLANG_ENABLE_OBJC_ARC = YES;
				CLANG_ENABLE_OBJC_WEAK = YES;
				CLANG_WARN_BLOCK_CAPTURE_AUTORELEASING = YES;
				CLANG_WARN_BOOL_CONVERSION = YES;
				CLANG_WARN_COMMA = YES;
				CLANG_WARN_CONSTANT_CONVERSION = YES;
				CLANG_WARN_DEPRECATED_OBJC_IMPLEMENTATIONS = YES;
				CLANG_WARN_DIRECT_OBJC_ISA_USAGE = YES_ERROR;
				CLANG_WARN_DOCUMENTATION_COMMENTS = YES;
				CLANG_WARN_EMPTY_BODY = YES;
				CLANG_WARN_ENUM_CONVERSION = YES;
				CLANG_WARN_INFINITE_RECURSION = YES;
				CLANG_WARN_INT_CONVERSION = YES;
				CLANG_WARN_NON_LITERAL_NULL_CONVERSION = YES;
				CLANG_WARN_OBJC_IMPLICIT_RETAIN_SELF = YES;
				CLANG_WARN_OBJC_LITERAL_CONVERSION = YES;
				CLANG_WARN_OBJC_ROOT_CLASS = YES_ERROR;
				CLANG_WARN_QUOTED_INCLUDE_IN_FRAMEWORK_HEADER = YES;
				CLANG_WARN_RANGE_LOOP_ANALYSIS = YES;
				CLANG_WARN_STRICT_PROTOTYPES = YES;
				CLANG_WARN_SUSPICIOUS_MOVE = YES;
				CLANG_WARN_UNGUARDED_AVAILABILITY = YES_AGGRESSIVE;
				CLANG_WARN_UNREACHABLE_CODE = YES;
				CLANG_WARN__DUPLICATE_METHOD_MATCH = YES;
				COPY_PHASE_STRIP = NO;
				DEBUG_INFORMATION_FORMAT = "dwarf-with-dsym";
				ENABLE_NS_ASSERTIONS = NO;
				ENABLE_STRICT_OBJC_MSGSEND = YES;
				ENABLE_USER_SCRIPT_SANDBOXING = YES;
				GCC_C_LANGUAGE_STANDARD = gnu17;
				GCC_NO_COMMON_BLOCKS = YES;
				GCC_WARN_64_TO_32_BIT_CONVERSION = YES;
				GCC_WARN_ABOUT_RETURN_TYPE = YES_ERROR;
				GCC_WARN_UNDECLARED_SELECTOR = YES;
				GCC_WARN_UNINITIALIZED_AUTOS = YES_AGGRESSIVE;
				GCC_WARN_UNUSED_FUNCTION = YES;
				GCC_WARN_UNUSED_VARIABLE = YES;
				LOCALIZATION_PREFERS_STRING_CATALOGS = YES;
				MACOSX_DEPLOYMENT_TARGET = 13.6;
				MTL_ENABLE_DEBUG_INFO = NO;
				MTL_FAST_MATH = YES;
				SDKROOT = macosx;
				SWIFT_COMPILATION_MODE = wholemodule;
			};
			name = Release;
		};
		33429F3C2B30384000DB6148 /* Debug */ = {
			isa = XCBuildConfiguration;
			buildSettings = {
				ASSETCATALOG_COMPILER_APPICON_NAME = AppIcon;
				ASSETCATALOG_COMPILER_GLOBAL_ACCENT_COLOR_NAME = AccentColor;
				CODE_SIGN_ENTITLEMENTS = Bintenbase64/Bintenbase64.entitlements;
				CODE_SIGN_STYLE = Automatic;
				COMBINE_HIDPI_IMAGES = YES;
				CURRENT_PROJECT_VERSION = 1;
				DEVELOPMENT_ASSET_PATHS = "\"Bintenbase64/Preview Content\"";
				DEVELOPMENT_TEAM = L5UZAT7KA9;
				ENABLE_HARDENED_RUNTIME = YES;
				ENABLE_PREVIEWS = YES;
				GENERATE_INFOPLIST_FILE = YES;
				INFOPLIST_KEY_NSHumanReadableCopyright = "";
				LD_RUNPATH_SEARCH_PATHS = (
					"$(inherited)",
					"@executable_path/../Frameworks",
				);
				MARKETING_VERSION = 1.0;
				PRODUCT_BUNDLE_IDENTIFIER = com.redeggproductions.Bintenbase64;
				PRODUCT_NAME = "$(TARGET_NAME)";
				SWIFT_EMIT_LOC_STRINGS = YES;
				SWIFT_VERSION = 5.0;
			};
			name = Debug;
		};
		33429F3D2B30384000DB6148 /* Release */ = {
			isa = XCBuildConfiguration;
			buildSettings = {
				ASSETCATALOG_COMPILER_APPICON_NAME = AppIcon;
				ASSETCATALOG_COMPILER_GLOBAL_ACCENT_COLOR_NAME = AccentColor;
				CODE_SIGN_ENTITLEMENTS = Bintenbase64/Bintenbase64.entitlements;
				CODE_SIGN_STYLE = Automatic;
				COMBINE_HIDPI_IMAGES = YES;
				CURRENT_PROJECT_VERSION = 1;
				DEVELOPMENT_ASSET_PATHS = "\"Bintenbase64/Preview Content\"";
				DEVELOPMENT_TEAM = L5UZAT7KA9;
				ENABLE_HARDENED_RUNTIME = YES;
				ENABLE_PREVIEWS = YES;
				GENERATE_INFOPLIST_FILE = YES;
				INFOPLIST_KEY_NSHumanReadableCopyright = "";
				LD_RUNPATH_SEARCH_PATHS = (
					"$(inherited)",
					"@executable_path/../Frameworks",
				);
				MARKETING_VERSION = 1.0;
				PRODUCT_BUNDLE_IDENTIFIER = com.redeggproductions.Bintenbase64;
				PRODUCT_NAME = "$(TARGET_NAME)";
				SWIFT_EMIT_LOC_STRINGS = YES;
				SWIFT_VERSION = 5.0;
			};
			name = Release;
		};
/* End XCBuildConfiguration section */

/* Begin XCConfigurationList section */
		33429F272B30383E00DB6148 /* Build configuration list for PBXProject "Bintenbase64" */ = {
			isa = XCConfigurationList;
			buildConfigurations = (
				33429F392B30384000DB6148 /* Debug */,
				33429F3A2B30384000DB6148 /* Release */,
			);
			defaultConfigurationIsVisible = 0;
			defaultConfigurationName = Release;
		};
		33429F3B2B30384000DB6148 /* Build configuration list for PBXNativeTarget "Bintenbase64" */ = {
			isa = XCConfigurationList;
			buildConfigurations = (
				33429F3C2B30384000DB6148 /* Debug */,
				33429F3D2B30384000DB6148 /* Release */,
			);
			defaultConfigurationIsVisible = 0;
			defaultConfigurationName = Release;
		};
/* End XCConfigurationList section */
	};
	rootObject = 33429F242B30383E00DB6148 /* Project object */;
}
